
Microsoft Visual Studio Solution File, Format Version 12.00
# Visual Studio Version 16
VisualStudioVersion = 16.0.29102.190
MinimumVisualStudioVersion = 10.0.40219.1
Project("{FAE04EC0-301F-11D3-BF4B-00C04F79EFBC}") = "WpfApp1", "WpfApp1\WpfApp1.csproj", "{8AC98302-A39D-4C03-B796-DA9846C6CD34}"
EndProject
Global
	GlobalSection(SolutionConfigurationPlatforms) = preSolution
		Debug|Any CPU = Debug|Any CPU
		Release|Any CPU = Release|Any CPU
	EndGlobalSection
	GlobalSection(ProjectConfigurationPlatforms) = postSolution
		{8AC98302-A39D-4C03-B796-DA9846C6CD34}.Debug|Any CPU.ActiveCfg = Debug|Any CPU
		{8AC98302-A39D-4C03-B796-DA9846C6CD34}.Debug|Any CPU.Build.0 = Debug|Any CPU
		{8AC98302-A39D-4C03-B796-DA9846C6CD34}.Release|Any CPU.ActiveCfg = Release|Any CPU
		{8AC98302-A39D-4C03-B796-DA9846C6CD34}.Release|Any CPU.Build.0 = Release|Any CPU
	EndGlobalSection
	GlobalSection(SolutionProperties) = preSolution
		HideSolutionNode = FALSE
	EndGlobalSection
	GlobalSection(ExtensibilityGlobals) = postSolution
		SolutionGuid = {CDEC3579-3C78-4560-BF42-64951987926E}
	EndGlobalSection
EndGlobal
